
Microsoft Visual Studio Solution File, Format Version 12.00
# Visual Studio 15
VisualStudioVersion = 15.0.27703.2047
MinimumVisualStudioVersion = 10.0.40219.1
Project("{FAE04EC0-301F-11D3-BF4B-00C04F79EFBC}") = "parser", "parser\parser.csproj", "{56D20645-F8A3-407A-8C85-0BF0E0707FD0}"
EndProject
Global
	GlobalSection(SolutionConfigurationPlatforms) = preSolution
		Debug|Any CPU = Debug|Any CPU
		Release|Any CPU = Release|Any CPU
	EndGlobalSection
	GlobalSection(ProjectConfigurationPlatforms) = postSolution
		{56D20645-F8A3-407A-8C85-0BF0E0707FD0}.Debug|Any CPU.ActiveCfg = Debug|Any CPU
		{56D20645-F8A3-407A-8C85-0BF0E0707FD0}.Debug|Any CPU.Build.0 = Debug|Any CPU
		{56D20645-F8A3-407A-8C85-0BF0E0707FD0}.Release|Any CPU.ActiveCfg = Release|Any CPU
		{56D20645-F8A3-407A-8C85-0BF0E0707FD0}.Release|Any CPU.Build.0 = Release|Any CPU
	EndGlobalSection
	GlobalSection(SolutionProperties) = preSolution
		HideSolutionNode = FALSE
	EndGlobalSection
	GlobalSection(ExtensibilityGlobals) = postSolution
		SolutionGuid = {74A0D159-97EC-4325-BC95-2FABB1F69BA5}
	EndGlobalSection
EndGlobal
